
Microsoft Visual Studio Solution File, Format Version 12.00
# Visual Studio 15
VisualStudioVersion = 15.0.27703.2042
MinimumVisualStudioVersion = 10.0.40219.1
Project("{FAE04EC0-301F-11D3-BF4B-00C04F79EFBC}") = "EntityFramework", "EntityFramework\EntityFramework.csproj", "{DECE8C5A-F1F3-4791-B90D-1B3ACCBB08F9}"
EndProject
Global
	GlobalSection(SolutionConfigurationPlatforms) = preSolution
		Debug|Any CPU = Debug|Any CPU
		Release|Any CPU = Release|Any CPU
	EndGlobalSection
	GlobalSection(ProjectConfigurationPlatforms) = postSolution
		{DECE8C5A-F1F3-4791-B90D-1B3ACCBB08F9}.Debug|Any CPU.ActiveCfg = Debug|Any CPU
		{DECE8C5A-F1F3-4791-B90D-1B3ACCBB08F9}.Debug|Any CPU.Build.0 = Debug|Any CPU
		{DECE8C5A-F1F3-4791-B90D-1B3ACCBB08F9}.Release|Any CPU.ActiveCfg = Release|Any CPU
		{DECE8C5A-F1F3-4791-B90D-1B3ACCBB08F9}.Release|Any CPU.Build.0 = Release|Any CPU
	EndGlobalSection
	GlobalSection(SolutionProperties) = preSolution
		HideSolutionNode = FALSE
	EndGlobalSection
	GlobalSection(ExtensibilityGlobals) = postSolution
		SolutionGuid = {21BEC866-099E-4352-AB86-74BD6F25BA57}
	EndGlobalSection
EndGlobal
